Microsoft Visual Studio Solution File, Format Version 12.00
# Visual Studio Version 17
VisualStudioVersion = 17.5.2.0
MinimumVisualStudioVersion = 10.0.40219.1
Project("{FAE04EC0-301F-11D3-BF4B-00C04F79EFBC}") = "OrdemServicoAPI", "OrdemServicoAPI.csproj", "{DAE9D977-73B8-A870-8D22-B9FE0501E210}"
EndProject
Global
	GlobalSection(SolutionConfigurationPlatforms) = preSolution
		Debug|Any CPU = Debug|Any CPU
		Release|Any CPU = Release|Any CPU
	EndGlobalSection
	GlobalSection(ProjectConfigurationPlatforms) = postSolution
		{DAE9D977-73B8-A870-8D22-B9FE0501E210}.Debug|Any CPU.ActiveCfg = Debug|Any CPU
		{DAE9D977-73B8-A870-8D22-B9FE0501E210}.Debug|Any CPU.Build.0 = Debug|Any CPU
		{DAE9D977-73B8-A870-8D22-B9FE0501E210}.Release|Any CPU.ActiveCfg = Release|Any CPU
		{DAE9D977-73B8-A870-8D22-B9FE0501E210}.Release|Any CPU.Build.0 = Release|Any CPU
	EndGlobalSection
	GlobalSection(SolutionProperties) = preSolution
		HideSolutionNode = FALSE
	EndGlobalSection
	GlobalSection(ExtensibilityGlobals) = postSolution
		SolutionGuid = {2DA1A19F-0027-44C0-BD6D-E8E449019C24}
	EndGlobalSection
EndGlobal
